
Microsoft Visual Studio Solution File, Format Version 12.00
# Visual Studio Version 17
VisualStudioVersion = 17.0.32112.339
MinimumVisualStudioVersion = 10.0.40219.1
Project("{FAE04EC0-301F-11D3-BF4B-00C04F79EFBC}") = "GenericRepository", "GenericRepository.csproj", "{854174A1-A39A-4CDA-96B7-8FE4D2E2AF12}"
EndProject
Global
	GlobalSection(SolutionConfigurationPlatforms) = preSolution
		Debug|Any CPU = Debug|Any CPU
		Release|Any CPU = Release|Any CPU
	EndGlobalSection
	GlobalSection(ProjectConfigurationPlatforms) = postSolution
		{854174A1-A39A-4CDA-96B7-8FE4D2E2AF12}.Debug|Any CPU.ActiveCfg = Debug|Any CPU
		{854174A1-A39A-4CDA-96B7-8FE4D2E2AF12}.Debug|Any CPU.Build.0 = Debug|Any CPU
		{854174A1-A39A-4CDA-96B7-8FE4D2E2AF12}.Release|Any CPU.ActiveCfg = Release|Any CPU
		{854174A1-A39A-4CDA-96B7-8FE4D2E2AF12}.Release|Any CPU.Build.0 = Release|Any CPU
	EndGlobalSection
	GlobalSection(SolutionProperties) = preSolution
		HideSolutionNode = FALSE
	EndGlobalSection
	GlobalSection(ExtensibilityGlobals) = postSolution
		SolutionGuid = {B9FE92C3-9510-4920-93C7-E0B25A1CC9DB}
	EndGlobalSection
EndGlobal
